
Microsoft Visual Studio Solution File, Format Version 12.00
# Visual Studio Version 16
VisualStudioVersion = 16.0.34031.81
MinimumVisualStudioVersion = 10.0.40219.1
Project("{FAE04EC0-301F-11D3-BF4B-00C04F79EFBC}") = "linq", "linq\linq.csproj", "{14DEBD1D-98FD-4BC7-9FAC-C4E5FE00FDBB}"
EndProject
Global
	GlobalSection(SolutionConfigurationPlatforms) = preSolution
		Debug|Any CPU = Debug|Any CPU
		Release|Any CPU = Release|Any CPU
	EndGlobalSection
	GlobalSection(ProjectConfigurationPlatforms) = postSolution
		{14DEBD1D-98FD-4BC7-9FAC-C4E5FE00FDBB}.Debug|Any CPU.ActiveCfg = Debug|Any CPU
		{14DEBD1D-98FD-4BC7-9FAC-C4E5FE00FDBB}.Debug|Any CPU.Build.0 = Debug|Any CPU
		{14DEBD1D-98FD-4BC7-9FAC-C4E5FE00FDBB}.Release|Any CPU.ActiveCfg = Release|Any CPU
		{14DEBD1D-98FD-4BC7-9FAC-C4E5FE00FDBB}.Release|Any CPU.Build.0 = Release|Any CPU
	EndGlobalSection
	GlobalSection(SolutionProperties) = preSolution
		HideSolutionNode = FALSE
	EndGlobalSection
	GlobalSection(ExtensibilityGlobals) = postSolution
		SolutionGuid = {FDABDCDC-CAD6-4B9E-B43D-B29D3E511229}
	EndGlobalSection
EndGlobal
